{
  "name": "shadow-contracts",
  "lockfileVersion": 3,
  "requires": true,
  "packages": {
    "": {
      "name": "shadow-contracts",
      "dependencies": {
        "@openzeppelin/contracts": "4.9.6",
        "@openzeppelin/contracts-upgradeable": "4.9.6",
        "forge-std": "github:foundry-rs/forge-std#v1.9.5"
      }
    },
    "node_modules/@openzeppelin/contracts": {
      "version": "4.9.6",
      "resolved": "https://registry.npmjs.org/@openzeppelin/contracts/-/contracts-4.9.6.tgz",
      "integrity": "sha512-xSmezSupL+y9VkHZJGDoCBpmnB2ogM13ccaYDWqJTfS3dbuHkgjuwDFUmaFauBCboQMGB/S5UqUl2y54X99BmA=="
    },
    "node_modules/@openzeppelin/contracts-upgradeable": {
      "version": "4.9.6",
      "resolved": "https://registry.npmjs.org/@openzeppelin/contracts-upgradeable/-/contracts-upgradeable-4.9.6.tgz",
      "integrity": "sha512-m4iHazOsOCv1DgM7eD7GupTJ+NFVujRZt1wzddDPSVGpWdKq1SKkla5htKG7+IS4d2XOCtzkUNwRZ7Vq5aEUMA=="
    },
    "node_modules/forge-std": {
      "version": "1.9.5",
      "resolved": "git+ssh://git@github.com/foundry-rs/forge-std.git#b93cf4bc34ff214c099dc970b153f85ade8c9f66"
    }
  }
}
